
Microsoft Visual Studio Solution File, Format Version 12.00
# Visual Studio 15
VisualStudioVersion = 15.0.27004.2010
MinimumVisualStudioVersion = 10.0.40219.1
Project("{FAE04EC0-301F-11D3-BF4B-00C04F79EFBC}") = "VuetifyStarter", "VuetifyStarter\VuetifyStarter.csproj", "{34C8BDFB-0E0F-4733-8695-DDD2BA6A2865}"
EndProject
Global
	GlobalSection(SolutionConfigurationPlatforms) = preSolution
		Debug|Any CPU = Debug|Any CPU
		Release|Any CPU = Release|Any CPU
	EndGlobalSection
	GlobalSection(ProjectConfigurationPlatforms) = postSolution
		{34C8BDFB-0E0F-4733-8695-DDD2BA6A2865}.Debug|Any CPU.ActiveCfg = Debug|Any CPU
		{34C8BDFB-0E0F-4733-8695-DDD2BA6A2865}.Debug|Any CPU.Build.0 = Debug|Any CPU
		{34C8BDFB-0E0F-4733-8695-DDD2BA6A2865}.Release|Any CPU.ActiveCfg = Release|Any CPU
		{34C8BDFB-0E0F-4733-8695-DDD2BA6A2865}.Release|Any CPU.Build.0 = Release|Any CPU
	EndGlobalSection
	GlobalSection(SolutionProperties) = preSolution
		HideSolutionNode = FALSE
	EndGlobalSection
	GlobalSection(ExtensibilityGlobals) = postSolution
		SolutionGuid = {B1A65EDB-A14A-406B-A496-65BB2C61D7DE}
	EndGlobalSection
EndGlobal
